// !$*UTF8*$!
{
	archiveVersion = 1;
	classes = {
	};
	objectVersion = 51;
	objects = {

/* Begin PBXBuildFile section */
		581E067122ECA3AE0000662C /* AppDelegate.swift in Sources */ = {isa = PBXBuildFile; fileRef = 581E067022ECA3AE0000662C /* AppDelegate.swift */; };
		581E067322ECA3AE0000662C /* ViewController.swift in Sources */ = {isa = PBXBuildFile; fileRef = 581E067222ECA3AE0000662C /* ViewController.swift */; };
		581E067622ECA3AE0000662C /* Main.storyboard in Resources */ = {isa = PBXBuildFile; fileRef = 581E067422ECA3AE0000662C /* Main.storyboard */; };
		581E067822ECA3AF0000662C /* Assets.xcassets in Resources */ = {isa = PBXBuildFile; fileRef = 581E067722ECA3AF0000662C /* Assets.xcassets */; };
		581E067B22ECA3AF0000662C /* LaunchScreen.storyboard in Resources */ = {isa = PBXBuildFile; fileRef = 581E067922ECA3AF0000662C /* LaunchScreen.storyboard */; };
		581E068522ECA9A80000662C /* RealmManager.swift in Sources */ = {isa = PBXBuildFile; fileRef = 581E068422ECA9A80000662C /* RealmManager.swift */; };
		581E068722ECB8330000662C /* AlertManager.swift in Sources */ = {isa = PBXBuildFile; fileRef = 581E068622ECB8330000662C /* AlertManager.swift */; };
		581E068A22ECBD190000662C /* Menu.swift in Sources */ = {isa = PBXBuildFile; fileRef = 581E068922ECBD190000662C /* Menu.swift */; };
		5DAF83303321F406EC4ACB5A /* Pods_DemoRealm.framework in Frameworks */ = {isa = PBXBuildFile; fileRef = 36A1C19D6A9616BA2EFE5F29 /* Pods_DemoRealm.framework */; };
/* End PBXBuildFile section */

/* Begin PBXFileReference section */
		36A1C19D6A9616BA2EFE5F29 /* Pods_DemoRealm.framework */ = {isa = PBXFileReference; explicitFileType = wrapper.framework; includeInIndex = 0; path = Pods_DemoRealm.framework; sourceTree = BUILT_PRODUCTS_DIR; };
		581E066D22ECA3AE0000662C /* DemoRealm.app */ = {isa = PBXFileReference; explicitFileType = wrapper.application; includeInIndex = 0; path = DemoRealm.app; sourceTree = BUILT_PRODUCTS_DIR; };
		581E067022ECA3AE0000662C /* AppDelegate.swift */ = {isa = PBXFileReference; lastKnownFileType = sourcecode.swift; path = AppDelegate.swift; sourceTree = "<group>"; };
		581E067222ECA3AE0000662C /* ViewController.swift */ = {isa = PBXFileReference; lastKnownFileType = sourcecode.swift; path = ViewController.swift; sourceTree = "<group>"; };
		581E067522ECA3AE0000662C /* Base */ = {isa = PBXFileReference; lastKnownFileType = file.storyboard; name = Base; path = Base.lproj/Main.storyboard; sourceTree = "<group>"; };
		581E067722ECA3AF0000662C /* Assets.xcassets */ = {isa = PBXFileReference; lastKnownFileType = folder.assetcatalog; path = Assets.xcassets; sourceTree = "<group>"; };
		581E067A22ECA3AF0000662C /* Base */ = {isa = PBXFileReference; lastKnownFileType = file.storyboard; name = Base; path = Base.lproj/LaunchScreen.storyboard; sourceTree = "<group>"; };
		581E067C22ECA3AF0000662C /* Info.plist */ = {isa = PBXFileReference; lastKnownFileType = text.plist.xml; path = Info.plist; sourceTree = "<group>"; };
		581E068422ECA9A80000662C /* RealmManager.swift */ = {isa = PBXFileReference; lastKnownFileType = sourcecode.swift; path = RealmManager.swift; sourceTree = "<group>"; };
		581E068622ECB8330000662C /* AlertManager.swift */ = {isa = PBXFileReference; lastKnownFileType = sourcecode.swift; path = AlertManager.swift; sourceTree = "<group>"; };
		581E068922ECBD190000662C /* Menu.swift */ = {isa = PBXFileReference; lastKnownFileType = sourcecode.swift; path = Menu.swift; sourceTree = "<group>"; };
		808CA66FC2B6443D51BCCA2E /* Pods-DemoRealm.release.xcconfig */ = {isa = PBXFileReference; includeInIndex = 1; lastKnownFileType = text.xcconfig; name = "Pods-DemoRealm.release.xcconfig"; path = "Target Support Files/Pods-DemoRealm/Pods-DemoRealm.release.xcconfig"; sourceTree = "<group>"; };
		D869B7B026936F4B6C26FAE1 /* Pods-DemoRealm.debug.xcconfig */ = {isa = PBXFileReference; includeInIndex = 1; lastKnownFileType = text.xcconfig; name = "Pods-DemoRealm.debug.xcconfig"; path = "Target Support Files/Pods-DemoRealm/Pods-DemoRealm.debug.xcconfig"; sourceTree = "<group>"; };
/* End PBXFileReference section */

/* Begin PBXFrameworksBuildPhase section */
		581E066A22ECA3AE0000662C /* Frameworks */ = {
			isa = PBXFrameworksBuildPhase;
			buildActionMask = 2147483647;
			files = (
				5DAF83303321F406EC4ACB5A /* Pods_DemoRealm.framework in Frameworks */,
			);
			runOnlyForDeploymentPostprocessing = 0;
		};
/* End PBXFrameworksBuildPhase section */

/* Begin PBXGroup section */
		262A22CF096C03E9BDA7D53A /* Pods */ = {
			isa = PBXGroup;
			children = (
				D869B7B026936F4B6C26FAE1 /* Pods-DemoRealm.debug.xcconfig */,
				808CA66FC2B6443D51BCCA2E /* Pods-DemoRealm.release.xcconfig */,
			);
			path = Pods;
			sourceTree = "<group>";
		};
		581E066422ECA3AE0000662C = {
			isa = PBXGroup;
			children = (
				581E066F22ECA3AE0000662C /* DemoRealm */,
				581E066E22ECA3AE0000662C /* Products */,
				262A22CF096C03E9BDA7D53A /* Pods */,
				EFEBAE394843A19953AD5BCD /* Frameworks */,
			);
			sourceTree = "<group>";
		};
		581E066E22ECA3AE0000662C /* Products */ = {
			isa = PBXGroup;
			children = (
				581E066D22ECA3AE0000662C /* DemoRealm.app */,
			);
			name = Products;
			sourceTree = "<group>";
		};
		581E066F22ECA3AE0000662C /* DemoRealm */ = {
			isa = PBXGroup;
			children = (
				581E067022ECA3AE0000662C /* AppDelegate.swift */,
				581E068822ECBD050000662C /* Model */,
				581E068222ECA98D0000662C /* Manager */,
				581E068322ECA9930000662C /* ViewController */,
				581E067422ECA3AE0000662C /* Main.storyboard */,
				581E067722ECA3AF0000662C /* Assets.xcassets */,
				581E067922ECA3AF0000662C /* LaunchScreen.storyboard */,
				581E067C22ECA3AF0000662C /* Info.plist */,
			);
			path = DemoRealm;
			sourceTree = "<group>";
		};
		581E068222ECA98D0000662C /* Manager */ = {
			isa = PBXGroup;
			children = (
				581E068422ECA9A80000662C /* RealmManager.swift */,
				581E068622ECB8330000662C /* AlertManager.swift */,
			);
			path = Manager;
			sourceTree = "<group>";
		};
		581E068322ECA9930000662C /* ViewController */ = {
			isa = PBXGroup;
			children = (
				581E067222ECA3AE0000662C /* ViewController.swift */,
			);
			path = ViewController;
			sourceTree = "<group>";
		};
		581E068822ECBD050000662C /* Model */ = {
			isa = PBXGroup;
			children = (
				581E068922ECBD190000662C /* Menu.swift */,
			);
			path = Model;
			sourceTree = "<group>";
		};
		EFEBAE394843A19953AD5BCD /* Frameworks */ = {
			isa = PBXGroup;
			children = (
				36A1C19D6A9616BA2EFE5F29 /* Pods_DemoRealm.framework */,
			);
			name = Frameworks;
			sourceTree = "<group>";
		};
/* End PBXGroup section */

/* Begin PBXNativeTarget section */
		581E066C22ECA3AE0000662C /* DemoRealm */ = {
			isa = PBXNativeTarget;
			buildConfigurationList = 581E067F22ECA3AF0000662C /* Build configuration list for PBXNativeTarget "DemoRealm" */;
			buildPhases = (
				F429199C53C81950EFEB7ADA /* [CP] Check Pods Manifest.lock */,
				581E066922ECA3AE0000662C /* Sources */,
				581E066A22ECA3AE0000662C /* Frameworks */,
				581E066B22ECA3AE0000662C /* Resources */,
				D918093EA4440F2378467A5B /* [CP] Embed Pods Frameworks */,
			);
			buildRules = (
			);
			dependencies = (
			);
			name = DemoRealm;
			productName = DemoRealm;
			productReference = 581E066D22ECA3AE0000662C /* DemoRealm.app */;
			productType = "com.apple.product-type.application";
		};
/* End PBXNativeTarget section */

/* Begin PBXProject section */
		581E066522ECA3AE0000662C /* Project object */ = {
			isa = PBXProject;
			attributes = {
				LastSwiftUpdateCheck = 1020;
				LastUpgradeCheck = 1020;
				ORGANIZATIONNAME = "M. Zharif Hadi M. Khairuddin";
				TargetAttributes = {
					581E066C22ECA3AE0000662C = {
						CreatedOnToolsVersion = 10.2.1;
					};
				};
			};
			buildConfigurationList = 581E066822ECA3AE0000662C /* Build configuration list for PBXProject "DemoRealm" */;
			compatibilityVersion = "Xcode 9.3";
			developmentRegion = en;
			hasScannedForEncodings = 0;
			knownRegions = (
				en,
				Base,
			);
			mainGroup = 581E066422ECA3AE0000662C;
			productRefGroup = 581E066E22ECA3AE0000662C /* Products */;
			projectDirPath = "";
			projectRoot = "";
			targets = (
				581E066C22ECA3AE0000662C /* DemoRealm */,
			);
		};
/* End PBXProject section */

/* Begin PBXResourcesBuildPhase section */
		581E066B22ECA3AE0000662C /* Resources */ = {
			isa = PBXResourcesBuildPhase;
			buildActionMask = 2147483647;
			files = (
				581E067B22ECA3AF0000662C /* LaunchScreen.storyboard in Resources */,
				581E067822ECA3AF0000662C /* Assets.xcassets in Resources */,
				581E067622ECA3AE0000662C /* Main.storyboard in Resources */,
			);
			runOnlyForDeploymentPostprocessing = 0;
		};
/* End PBXResourcesBuildPhase section */

/* Begin PBXShellScriptBuildPhase section */
		D918093EA4440F2378467A5B /* [CP] Embed Pods Frameworks */ = {
			isa = PBXShellScriptBuildPhase;
			buildActionMask = 2147483647;
			files = (
			);
			inputFileListPaths = (
				"${PODS_ROOT}/Target Support Files/Pods-DemoRealm/Pods-DemoRealm-frameworks-${CONFIGURATION}-input-files.xcfilelist",
			);
			name = "[CP] Embed Pods Frameworks";
			outputFileListPaths = (
				"${PODS_ROOT}/Target Support Files/Pods-DemoRealm/Pods-DemoRealm-frameworks-${CONFIGURATION}-output-files.xcfilelist",
			);
			runOnlyForDeploymentPostprocessing = 0;
			shellPath = /bin/sh;
			shellScript = "\"${PODS_ROOT}/Target Support Files/Pods-DemoRealm/Pods-DemoRealm-frameworks.sh\"\n";
			showEnvVarsInLog = 0;
		};
		F429199C53C81950EFEB7ADA /* [CP] Check Pods Manifest.lock */ = {
			isa = PBXShellScriptBuildPhase;
			buildActionMask = 2147483647;
			files = (
			);
			inputFileListPaths = (
			);
			inputPaths = (
				"${PODS_PODFILE_DIR_PATH}/Podfile.lock",
				"${PODS_ROOT}/Manifest.lock",
			);
			name = "[CP] Check Pods Manifest.lock";
			outputFileListPaths = (
			);
			outputPaths = (
				"$(DERIVED_FILE_DIR)/Pods-DemoRealm-checkManifestLockResult.txt",
			);
			runOnlyForDeploymentPostprocessing = 0;
			shellPath = /bin/sh;
			shellScript = "diff \"${PODS_PODFILE_DIR_PATH}/Podfile.lock\" \"${PODS_ROOT}/Manifest.lock\" > /dev/null\nif [ $? != 0 ] ; then\n    # print error to STDERR\n    echo \"error: The sandbox is not in sync with the Podfile.lock. Run 'pod install' or update your CocoaPods installation.\" >&2\n    exit 1\nfi\n# This output is used by Xcode 'outputs' to avoid re-running this script phase.\necho \"SUCCESS\" > \"${SCRIPT_OUTPUT_FILE_0}\"\n";
			showEnvVarsInLog = 0;
		};
/* End PBXShellScriptBuildPhase section */

/* Begin PBXSourcesBuildPhase section */
		581E066922ECA3AE0000662C /* Sources */ = {
			isa = PBXSourcesBuildPhase;
			buildActionMask = 2147483647;
			files = (
				581E068722ECB8330000662C /* AlertManager.swift in Sources */,
				581E067322ECA3AE0000662C /* ViewController.swift in Sources */,
				581E067122ECA3AE0000662C /* AppDelegate.swift in Sources */,
				581E068522ECA9A80000662C /* RealmManager.swift in Sources */,
				581E068A22ECBD190000662C /* Menu.swift in Sources */,
			);
			runOnlyForDeploymentPostprocessing = 0;
		};
/* End PBXSourcesBuildPhase section */

/* Begin PBXVariantGroup section */
		581E067422ECA3AE0000662C /* Main.storyboard */ = {
			isa = PBXVariantGroup;
			children = (
				581E067522ECA3AE0000662C /* Base */,
			);
			name = Main.storyboard;
			sourceTree = "<group>";
		};
		581E067922ECA3AF0000662C /* LaunchScreen.storyboard */ = {
			isa = PBXVariantGroup;
			children = (
				581E067A22ECA3AF0000662C /* Base */,
			);
			name = LaunchScreen.storyboard;
			sourceTree = "<group>";
		};
/* End PBXVariantGroup section */

/* Begin XCBuildConfiguration section */
		581E067D22ECA3AF0000662C /* Debug */ = {
			isa = XCBuildConfiguration;
			buildSettings = {
				ALWAYS_SEARCH_USER_PATHS = NO;
				CLANG_ANALYZER_NONNULL = YES;
				CLANG_ANALYZER_NUMBER_OBJECT_CONVERSION = YES_AGGRESSIVE;
				CLANG_CXX_LANGUAGE_STANDARD = "gnu++14";
				CLANG_CXX_LIBRARY = "libc++";
				CLANG_ENABLE_MODULES = YES;
				CLANG_ENABLE_OBJC_ARC = YES;
				CLANG_ENABLE_OBJC_WEAK = YES;
				CLANG_WARN_BLOCK_CAPTURE_AUTORELEASING = YES;
				CLANG_WARN_BOOL_CONVERSION = YES;
				CLANG_WARN_COMMA = YES;
				CLANG_WARN_CONSTANT_CONVERSION = YES;
				CLANG_WARN_DEPRECATED_OBJC_IMPLEMENTATIONS = YES;
				CLANG_WARN_DIRECT_OBJC_ISA_USAGE = YES_ERROR;
				CLANG_WARN_DOCUMENTATION_COMMENTS = YES;
				CLANG_WARN_EMPTY_BODY = YES;
				CLANG_WARN_ENUM_CONVERSION = YES;
				CLANG_WARN_INFINITE_RECURSION = YES;
				CLANG_WARN_INT_CONVERSION = YES;
				CLANG_WARN_NON_LITERAL_NULL_CONVERSION = YES;
				CLANG_WARN_OBJC_IMPLICIT_RETAIN_SELF = YES;
				CLANG_WARN_OBJC_LITERAL_CONVERSION = YES;
				CLANG_WARN_OBJC_ROOT_CLASS = YES_ERROR;
				CLANG_WARN_RANGE_LOOP_ANALYSIS = YES;
				CLANG_WARN_STRICT_PROTOTYPES = YES;
				CLANG_WARN_SUSPICIOUS_MOVE = YES;
				CLANG_WARN_UNGUARDED_AVAILABILITY = YES_AGGRESSIVE;
				CLANG_WARN_UNREACHABLE_CODE = YES;
				CLANG_WARN__DUPLICATE_METHOD_MATCH = YES;
				CODE_SIGN_IDENTITY = "iPhone Developer";
				COPY_PHASE_STRIP = NO;
				DEBUG_INFORMATION_FORMAT = dwarf;
				ENABLE_STRICT_OBJC_MSGSEND = YES;
				ENABLE_TESTABILITY = YES;
				GCC_C_LANGUAGE_STANDARD = gnu11;
				GCC_DYNAMIC_NO_PIC = NO;
				GCC_NO_COMMON_BLOCKS = YES;
				GCC_OPTIMIZATION_LEVEL = 0;
				GCC_PREPROCESSOR_DEFINITIONS = (
					"DEBUG=1",
					"$(inherited)",
				);
				GCC_WARN_64_TO_32_BIT_CONVERSION = YES;
				GCC_WARN_ABOUT_RETURN_TYPE = YES_ERROR;
				GCC_WARN_UNDECLARED_SELECTOR = YES;
				GCC_WARN_UNINITIALIZED_AUTOS = YES_AGGRESSIVE;
				GCC_WARN_UNUSED_FUNCTION = YES;
				GCC_WARN_UNUSED_VARIABLE = YES;
				IPHONEOS_DEPLOYMENT_TARGET = 12.2;
				MTL_ENABLE_DEBUG_INFO = INCLUDE_SOURCE;
				MTL_FAST_MATH = YES;
				ONLY_ACTIVE_ARCH = YES;
				SDKROOT = iphoneos;
				SWIFT_ACTIVE_COMPILATION_CONDITIONS = DEBUG;
				SWIFT_OPTIMIZATION_LEVEL = "-Onone";
			};
			name = Debug;
		};
		581E067E22ECA3AF0000662C /* Release */ = {
			isa = XCBuildConfiguration;
			buildSettings = {
				ALWAYS_SEARCH_USER_PATHS = NO;
				CLANG_ANALYZER_NONNULL = YES;
				CLANG_ANALYZER_NUMBER_OBJECT_CONVERSION = YES_AGGRESSIVE;
				CLANG_CXX_LANGUAGE_STANDARD = "gnu++14";
				CLANG_CXX_LIBRARY = "libc++";
				CLANG_ENABLE_MODULES = YES;
				CLANG_ENABLE_OBJC_ARC = YES;
				CLANG_ENABLE_OBJC_WEAK = YES;
				CLANG_WARN_BLOCK_CAPTURE_AUTORELEASING = YES;
				CLANG_WARN_BOOL_CONVERSION = YES;
				CLANG_WARN_COMMA = YES;
				CLANG_WARN_CONSTANT_CONVERSION = YES;
				CLANG_WARN_DEPRECATED_OBJC_IMPLEMENTATIONS = YES;
				CLANG_WARN_DIRECT_OBJC_ISA_USAGE = YES_ERROR;
				CLANG_WARN_DOCUMENTATION_COMMENTS = YES;
				CLANG_WARN_EMPTY_BODY = YES;
				CLANG_WARN_ENUM_CONVERSION = YES;
				CLANG_WARN_INFINITE_RECURSION = YES;
				CLANG_WARN_INT_CONVERSION = YES;
				CLANG_WARN_NON_LITERAL_NULL_CONVERSION = YES;
				CLANG_WARN_OBJC_IMPLICIT_RETAIN_SELF = YES;
				CLANG_WARN_OBJC_LITERAL_CONVERSION = YES;
				CLANG_WARN_OBJC_ROOT_CLASS = YES_ERROR;
				CLANG_WARN_RANGE_LOOP_ANALYSIS = YES;
				CLANG_WARN_STRICT_PROTOTYPES = YES;
				CLANG_WARN_SUSPICIOUS_MOVE = YES;
				CLANG_WARN_UNGUARDED_AVAILABILITY = YES_AGGRESSIVE;
				CLANG_WARN_UNREACHABLE_CODE = YES;
				CLANG_WARN__DUPLICATE_METHOD_MATCH = YES;
				CODE_SIGN_IDENTITY = "iPhone Developer";
				COPY_PHASE_STRIP = NO;
				DEBUG_INFORMATION_FORMAT = "dwarf-with-dsym";
				ENABLE_NS_ASSERTIONS = NO;
				ENABLE_STRICT_OBJC_MSGSEND = YES;
				GCC_C_LANGUAGE_STANDARD = gnu11;
				GCC_NO_COMMON_BLOCKS = YES;
				GCC_WARN_64_TO_32_BIT_CONVERSION = YES;
				GCC_WARN_ABOUT_RETURN_TYPE = YES_ERROR;
				GCC_WARN_UNDECLARED_SELECTOR = YES;
				GCC_WARN_UNINITIALIZED_AUTOS = YES_AGGRESSIVE;
				GCC_WARN_UNUSED_FUNCTION = YES;
				GCC_WARN_UNUSED_VARIABLE = YES;
				IPHONEOS_DEPLOYMENT_TARGET = 12.2;
				MTL_ENABLE_DEBUG_INFO = NO;
				MTL_FAST_MATH = YES;
				SDKROOT = iphoneos;
				SWIFT_COMPILATION_MODE = wholemodule;
				SWIFT_OPTIMIZATION_LEVEL = "-O";
				VALIDATE_PRODUCT = YES;
			};
			name = Release;
		};
		581E068022ECA3AF0000662C /* Debug */ = {
			isa = XCBuildConfiguration;
			baseConfigurationReference = D869B7B026936F4B6C26FAE1 /* Pods-DemoRealm.debug.xcconfig */;
			buildSettings = {
				ASSETCATALOG_COMPILER_APPICON_NAME = AppIcon;
				CODE_SIGN_STYLE = Automatic;
				DEVELOPMENT_TEAM = 4PQMQZ77H5;
				INFOPLIST_FILE = DemoRealm/Info.plist;
				LD_RUNPATH_SEARCH_PATHS = (
					"$(inherited)",
					"@executable_path/Frameworks",
				);
				PRODUCT_BUNDLE_IDENTIFIER = Locust.DemoRealm;
				PRODUCT_NAME = "$(TARGET_NAME)";
				SWIFT_VERSION = 5.0;
				TARGETED_DEVICE_FAMILY = "1,2";
			};
			name = Debug;
		};
		581E068122ECA3AF0000662C /* Release */ = {
			isa = XCBuildConfiguration;
			baseConfigurationReference = 808CA66FC2B6443D51BCCA2E /* Pods-DemoRealm.release.xcconfig */;
			buildSettings = {
				ASSETCATALOG_COMPILER_APPICON_NAME = AppIcon;
				CODE_SIGN_STYLE = Automatic;
				DEVELOPMENT_TEAM = 4PQMQZ77H5;
				INFOPLIST_FILE = DemoRealm/Info.plist;
				LD_RUNPATH_SEARCH_PATHS = (
					"$(inherited)",
					"@executable_path/Frameworks",
				);
				PRODUCT_BUNDLE_IDENTIFIER = Locust.DemoRealm;
				PRODUCT_NAME = "$(TARGET_NAME)";
				SWIFT_VERSION = 5.0;
				TARGETED_DEVICE_FAMILY = "1,2";
			};
			name = Release;
		};
/* End XCBuildConfiguration section */

/* Begin XCConfigurationList section */
		581E066822ECA3AE0000662C /* Build configuration list for PBXProject "DemoRealm" */ = {
			isa = XCConfigurationList;
			buildConfigurations = (
				581E067D22ECA3AF0000662C /* Debug */,
				581E067E22ECA3AF0000662C /* Release */,
			);
			defaultConfigurationIsVisible = 0;
			defaultConfigurationName = Release;
		};
		581E067F22ECA3AF0000662C /* Build configuration list for PBXNativeTarget "DemoRealm" */ = {
			isa = XCConfigurationList;
			buildConfigurations = (
				581E068022ECA3AF0000662C /* Debug */,
				581E068122ECA3AF0000662C /* Release */,
			);
			defaultConfigurationIsVisible = 0;
			defaultConfigurationName = Release;
		};
/* End XCConfigurationList section */
	};
	rootObject = 581E066522ECA3AE0000662C /* Project object */;
}
